// !$*UTF8*$!
{
	archiveVersion = 1;
	classes = {
	};
	objectVersion = 52;
	objects = {

/* Begin PBXBuildFile section */
		D2377AEF256248DC00CD0DF2 /* CoolCalendarApp.swift in Sources */ = {isa = PBXBuildFile; fileRef = D2377AEE256248DC00CD0DF2 /* CoolCalendarApp.swift */; };
		D2377AF1256248DC00CD0DF2 /* ContentView.swift in Sources */ = {isa = PBXBuildFile; fileRef = D2377AF0256248DC00CD0DF2 /* ContentView.swift */; };
		D2377AF3256248DD00CD0DF2 /* Assets.xcassets in Resources */ = {isa = PBXBuildFile; fileRef = D2377AF2256248DD00CD0DF2 /* Assets.xcassets */; };
		D2377AF6256248DD00CD0DF2 /* Preview Assets.xcassets in Resources */ = {isa = PBXBuildFile; fileRef = D2377AF5256248DD00CD0DF2 /* Preview Assets.xcassets */; };
		D2377AF8256248DD00CD0DF2 /* Persistence.swift in Sources */ = {isa = PBXBuildFile; fileRef = D2377AF7256248DD00CD0DF2 /* Persistence.swift */; };
		D2377AFB256248DD00CD0DF2 /* CoolCalendar.xcdatamodeld in Sources */ = {isa = PBXBuildFile; fileRef = D2377AF9256248DD00CD0DF2 /* CoolCalendar.xcdatamodeld */; };
		D26C54E52562494400DCC63D /* LICENSE in Resources */ = {isa = PBXBuildFile; fileRef = D26C54E42562494400DCC63D /* LICENSE */; };
		D26C54EC256249B200DCC63D /* NotificationDelegate.swift in Sources */ = {isa = PBXBuildFile; fileRef = D26C54E9256249B200DCC63D /* NotificationDelegate.swift */; };
		D26C54ED256249B200DCC63D /* ApnsUploads.swift in Sources */ = {isa = PBXBuildFile; fileRef = D26C54EA256249B200DCC63D /* ApnsUploads.swift */; };
		D26C54EE256249B200DCC63D /* AppDelegate.swift in Sources */ = {isa = PBXBuildFile; fileRef = D26C54EB256249B200DCC63D /* AppDelegate.swift */; };
		D26C54F1256249D300DCC63D /* TokenDetails.swift in Sources */ = {isa = PBXBuildFile; fileRef = D26C54F0256249D300DCC63D /* TokenDetails.swift */; };
		D26C54FB25624A3A00DCC63D /* NotificationService.swift in Sources */ = {isa = PBXBuildFile; fileRef = D26C54FA25624A3A00DCC63D /* NotificationService.swift */; };
		D26C54FF25624A3A00DCC63D /* Payload Modification.appex in Embed App Extensions */ = {isa = PBXBuildFile; fileRef = D26C54F825624A3A00DCC63D /* Payload Modification.appex */; settings = {ATTRIBUTES = (RemoveHeadersOnCopy, ); }; };
		D26C550D25624A4500DCC63D /* UserNotifications.framework in Frameworks */ = {isa = PBXBuildFile; fileRef = D26C550C25624A4400DCC63D /* UserNotifications.framework */; };
		D26C550F25624A4500DCC63D /* UserNotificationsUI.framework in Frameworks */ = {isa = PBXBuildFile; fileRef = D26C550E25624A4500DCC63D /* UserNotificationsUI.framework */; };
		D26C551225624A4500DCC63D /* NotificationViewController.swift in Sources */ = {isa = PBXBuildFile; fileRef = D26C551125624A4500DCC63D /* NotificationViewController.swift */; };
		D26C551525624A4500DCC63D /* MainInterface.storyboard in Resources */ = {isa = PBXBuildFile; fileRef = D26C551325624A4500DCC63D /* MainInterface.storyboard */; };
		D26C551925624A4500DCC63D /* Custom UI.appex in Embed App Extensions */ = {isa = PBXBuildFile; fileRef = D26C550A25624A4400DCC63D /* Custom UI.appex */; settings = {ATTRIBUTES = (RemoveHeadersOnCopy, ); }; };
		D26C552225624B8200DCC63D /* CalendarKit in Frameworks */ = {isa = PBXBuildFile; productRef = D26C552125624B8200DCC63D /* CalendarKit */; };
		D26C552725624BB600DCC63D /* Server.swift in Sources */ = {isa = PBXBuildFile; fileRef = D26C552625624BB600DCC63D /* Server.swift */; };
		D26C554F2562546800DCC63D /* Server.swift in Sources */ = {isa = PBXBuildFile; fileRef = D26C552625624BB600DCC63D /* Server.swift */; };
		F575581A25973215000FD2C4 /* ActionIdentifier.swift in Sources */ = {isa = PBXBuildFile; fileRef = F575581925973215000FD2C4 /* ActionIdentifier.swift */; };
		F575581B25973215000FD2C4 /* ActionIdentifier.swift in Sources */ = {isa = PBXBuildFile; fileRef = F575581925973215000FD2C4 /* ActionIdentifier.swift */; };
		F575583825973812000FD2C4 /* UserDefaults.swift in Sources */ = {isa = PBXBuildFile; fileRef = F575583725973812000FD2C4 /* UserDefaults.swift */; };
		F575583C25973868000FD2C4 /* UserDefaults.swift in Sources */ = {isa = PBXBuildFile; fileRef = F575583725973812000FD2C4 /* UserDefaults.swift */; };
		F575584A25975203000FD2C4 /* AcceptanceImage.swift in Sources */ = {isa = PBXBuildFile; fileRef = F575584925975203000FD2C4 /* AcceptanceImage.swift */; };
		F575584F25975386000FD2C4 /* InviteRow.swift in Sources */ = {isa = PBXBuildFile; fileRef = F575584E25975386000FD2C4 /* InviteRow.swift */; };
/* End PBXBuildFile section */

/* Begin PBXContainerItemProxy section */
		D26C54FD25624A3A00DCC63D /* PBXContainerItemProxy */ = {
			isa = PBXContainerItemProxy;
			containerPortal = D2377AE3256248DC00CD0DF2 /* Project object */;
			proxyType = 1;
			remoteGlobalIDString = D26C54F725624A3A00DCC63D;
			remoteInfo = "Payload Modification";
		};
		D26C551725624A4500DCC63D /* PBXContainerItemProxy */ = {
			isa = PBXContainerItemProxy;
			containerPortal = D2377AE3256248DC00CD0DF2 /* Project object */;
			proxyType = 1;
			remoteGlobalIDString = D26C550925624A4400DCC63D;
			remoteInfo = "Custom UI";
		};
/* End PBXContainerItemProxy section */

/* Begin PBXCopyFilesBuildPhase section */
		D26C550325624A3A00DCC63D /* Embed App Extensions */ = {
			isa = PBXCopyFilesBuildPhase;
			buildActionMask = 2147483647;
			dstPath = "";
			dstSubfolderSpec = 13;
			files = (
				D26C551925624A4500DCC63D /* Custom UI.appex in Embed App Extensions */,
				D26C54FF25624A3A00DCC63D /* Payload Modification.appex in Embed App Extensions */,
			);
			name = "Embed App Extensions";
			runOnlyForDeploymentPostprocessing = 0;
		};
/* End PBXCopyFilesBuildPhase section */

/* Begin PBXFileReference section */
		D2377AEB256248DC00CD0DF2 /* CoolCalendar.app */ = {isa = PBXFileReference; explicitFileType = wrapper.application; includeInIndex = 0; path = CoolCalendar.app; sourceTree = BUILT_PRODUCTS_DIR; };
		D2377AEE256248DC00CD0DF2 /* CoolCalendarApp.swift */ = {isa = PBXFileReference; lastKnownFileType = sourcecode.swift; path = CoolCalendarApp.swift; sourceTree = "<group>"; };
		D2377AF0256248DC00CD0DF2 /* ContentView.swift */ = {isa = PBXFileReference; lastKnownFileType = sourcecode.swift; path = ContentView.swift; sourceTree = "<group>"; };
		D2377AF2256248DD00CD0DF2 /* Assets.xcassets */ = {isa = PBXFileReference; lastKnownFileType = folder.assetcatalog; path = Assets.xcassets; sourceTree = "<group>"; };
		D2377AF5256248DD00CD0DF2 /* Preview Assets.xcassets */ = {isa = PBXFileReference; lastKnownFileType = folder.assetcatalog; path = "Preview Assets.xcassets"; sourceTree = "<group>"; };
		D2377AF7256248DD00CD0DF2 /* Persistence.swift */ = {isa = PBXFileReference; lastKnownFileType = sourcecode.swift; path = Persistence.swift; sourceTree = "<group>"; };
		D2377AFA256248DD00CD0DF2 /* CoolCalendar.xcdatamodel */ = {isa = PBXFileReference; lastKnownFileType = wrapper.xcdatamodel; path = CoolCalendar.xcdatamodel; sourceTree = "<group>"; };
		D2377AFC256248DD00CD0DF2 /* Info.plist */ = {isa = PBXFileReference; lastKnownFileType = text.plist.xml; path = Info.plist; sourceTree = "<group>"; };
		D26C54E42562494400DCC63D /* LICENSE */ = {isa = PBXFileReference; fileEncoding = 4; lastKnownFileType = text; path = LICENSE; sourceTree = "<group>"; };
		D26C54E72562495900DCC63D /* CoolCalendar.entitlements */ = {isa = PBXFileReference; lastKnownFileType = text.plist.entitlements; path = CoolCalendar.entitlements; sourceTree = "<group>"; };
		D26C54E9256249B200DCC63D /* NotificationDelegate.swift */ = {isa = PBXFileReference; fileEncoding = 4; lastKnownFileType = sourcecode.swift; path = NotificationDelegate.swift; sourceTree = "<group>"; };
		D26C54EA256249B200DCC63D /* ApnsUploads.swift */ = {isa = PBXFileReference; fileEncoding = 4; lastKnownFileType = sourcecode.swift; path = ApnsUploads.swift; sourceTree = "<group>"; };
		D26C54EB256249B200DCC63D /* AppDelegate.swift */ = {isa = PBXFileReference; fileEncoding = 4; lastKnownFileType = sourcecode.swift; path = AppDelegate.swift; sourceTree = "<group>"; };
		D26C54F0256249D300DCC63D /* TokenDetails.swift */ = {isa = PBXFileReference; fileEncoding = 4; lastKnownFileType = sourcecode.swift; path = TokenDetails.swift; sourceTree = "<group>"; };
		D26C54F825624A3A00DCC63D /* Payload Modification.appex */ = {isa = PBXFileReference; explicitFileType = "wrapper.app-extension"; includeInIndex = 0; path = "Payload Modification.appex"; sourceTree = BUILT_PRODUCTS_DIR; };
		D26C54FA25624A3A00DCC63D /* NotificationService.swift */ = {isa = PBXFileReference; lastKnownFileType = sourcecode.swift; path = NotificationService.swift; sourceTree = "<group>"; };
		D26C54FC25624A3A00DCC63D /* Info.plist */ = {isa = PBXFileReference; lastKnownFileType = text.plist.xml; path = Info.plist; sourceTree = "<group>"; };
		D26C550A25624A4400DCC63D /* Custom UI.appex */ = {isa = PBXFileReference; explicitFileType = "wrapper.app-extension"; includeInIndex = 0; path = "Custom UI.appex"; sourceTree = BUILT_PRODUCTS_DIR; };
		D26C550C25624A4400DCC63D /* UserNotifications.framework */ = {isa = PBXFileReference; lastKnownFileType = wrapper.framework; name = UserNotifications.framework; path = System/Library/Frameworks/UserNotifications.framework; sourceTree = SDKROOT; };
		D26C550E25624A4500DCC63D /* UserNotificationsUI.framework */ = {isa = PBXFileReference; lastKnownFileType = wrapper.framework; name = UserNotificationsUI.framework; path = System/Library/Frameworks/UserNotificationsUI.framework; sourceTree = SDKROOT; };
		D26C551125624A4500DCC63D /* NotificationViewController.swift */ = {isa = PBXFileReference; lastKnownFileType = sourcecode.swift; path = NotificationViewController.swift; sourceTree = "<group>"; };
		D26C551425624A4500DCC63D /* Base */ = {isa = PBXFileReference; lastKnownFileType = file.storyboard; name = Base; path = Base.lproj/MainInterface.storyboard; sourceTree = "<group>"; };
		D26C551625624A4500DCC63D /* Info.plist */ = {isa = PBXFileReference; lastKnownFileType = text.plist.xml; path = Info.plist; sourceTree = "<group>"; };
		D26C552625624BB600DCC63D /* Server.swift */ = {isa = PBXFileReference; fileEncoding = 4; lastKnownFileType = sourcecode.swift; path = Server.swift; sourceTree = "<group>"; };
		D26C554025624EDF00DCC63D /* Payload Modification.entitlements */ = {isa = PBXFileReference; lastKnownFileType = text.plist.entitlements; path = "Payload Modification.entitlements"; sourceTree = "<group>"; };
		F575581925973215000FD2C4 /* ActionIdentifier.swift */ = {isa = PBXFileReference; lastKnownFileType = sourcecode.swift; path = ActionIdentifier.swift; sourceTree = "<group>"; };
		F575583725973812000FD2C4 /* UserDefaults.swift */ = {isa = PBXFileReference; lastKnownFileType = sourcecode.swift; path = UserDefaults.swift; sourceTree = "<group>"; };
		F575584925975203000FD2C4 /* AcceptanceImage.swift */ = {isa = PBXFileReference; lastKnownFileType = sourcecode.swift; path = AcceptanceImage.swift; sourceTree = "<group>"; };
		F575584E25975386000FD2C4 /* InviteRow.swift */ = {isa = PBXFileReference; lastKnownFileType = sourcecode.swift; path = InviteRow.swift; sourceTree = "<group>"; };
/* End PBXFileReference section */

/* Begin PBXFrameworksBuildPhase section */
		D2377AE8256248DC00CD0DF2 /* Frameworks */ = {
			isa = PBXFrameworksBuildPhase;
			buildActionMask = 2147483647;
			files = (
			);
			runOnlyForDeploymentPostprocessing = 0;
		};
		D26C54F525624A3A00DCC63D /* Frameworks */ = {
			isa = PBXFrameworksBuildPhase;
			buildActionMask = 2147483647;
			files = (
			);
			runOnlyForDeploymentPostprocessing = 0;
		};
		D26C550725624A4400DCC63D /* Frameworks */ = {
			isa = PBXFrameworksBuildPhase;
			buildActionMask = 2147483647;
			files = (
				D26C550F25624A4500DCC63D /* UserNotificationsUI.framework in Frameworks */,
				D26C552225624B8200DCC63D /* CalendarKit in Frameworks */,
				D26C550D25624A4500DCC63D /* UserNotifications.framework in Frameworks */,
			);
			runOnlyForDeploymentPostprocessing = 0;
		};
/* End PBXFrameworksBuildPhase section */

/* Begin PBXGroup section */
		D2377AE2256248DC00CD0DF2 = {
			isa = PBXGroup;
			children = (
				D26C54E42562494400DCC63D /* LICENSE */,
				D2377AED256248DC00CD0DF2 /* CoolCalendar */,
				D26C54F925624A3A00DCC63D /* Payload Modification */,
				D26C551025624A4500DCC63D /* Custom UI */,
				D26C550B25624A4400DCC63D /* Frameworks */,
				D2377AEC256248DC00CD0DF2 /* Products */,
			);
			indentWidth = 2;
			sourceTree = "<group>";
			tabWidth = 2;
		};
		D2377AEC256248DC00CD0DF2 /* Products */ = {
			isa = PBXGroup;
			children = (
				D2377AEB256248DC00CD0DF2 /* CoolCalendar.app */,
				D26C54F825624A3A00DCC63D /* Payload Modification.appex */,
				D26C550A25624A4400DCC63D /* Custom UI.appex */,
			);
			name = Products;
			sourceTree = "<group>";
		};
		D2377AED256248DC00CD0DF2 /* CoolCalendar */ = {
			isa = PBXGroup;
			children = (
				D26C54EA256249B200DCC63D /* ApnsUploads.swift */,
				D26C54EB256249B200DCC63D /* AppDelegate.swift */,
				D2377AF2256248DD00CD0DF2 /* Assets.xcassets */,
				D2377AF0256248DC00CD0DF2 /* ContentView.swift */,
				D26C54E72562495900DCC63D /* CoolCalendar.entitlements */,
				D2377AF9256248DD00CD0DF2 /* CoolCalendar.xcdatamodeld */,
				D2377AEE256248DC00CD0DF2 /* CoolCalendarApp.swift */,
				D2377AFC256248DD00CD0DF2 /* Info.plist */,
				D26C54E9256249B200DCC63D /* NotificationDelegate.swift */,
				D2377AF7256248DD00CD0DF2 /* Persistence.swift */,
				D2377AF4256248DD00CD0DF2 /* Preview Content */,
				D26C552625624BB600DCC63D /* Server.swift */,
				D26C54F0256249D300DCC63D /* TokenDetails.swift */,
				F575581925973215000FD2C4 /* ActionIdentifier.swift */,
				F575583725973812000FD2C4 /* UserDefaults.swift */,
				F575584925975203000FD2C4 /* AcceptanceImage.swift */,
				F575584E25975386000FD2C4 /* InviteRow.swift */,
			);
			path = CoolCalendar;
			sourceTree = "<group>";
		};
		D2377AF4256248DD00CD0DF2 /* Preview Content */ = {
			isa = PBXGroup;
			children = (
				D2377AF5256248DD00CD0DF2 /* Preview Assets.xcassets */,
			);
			path = "Preview Content";
			sourceTree = "<group>";
		};
		D26C54F925624A3A00DCC63D /* Payload Modification */ = {
			isa = PBXGroup;
			children = (
				D26C554025624EDF00DCC63D /* Payload Modification.entitlements */,
				D26C54FA25624A3A00DCC63D /* NotificationService.swift */,
				D26C54FC25624A3A00DCC63D /* Info.plist */,
			);
			path = "Payload Modification";
			sourceTree = "<group>";
		};
		D26C550B25624A4400DCC63D /* Frameworks */ = {
			isa = PBXGroup;
			children = (
				D26C550C25624A4400DCC63D /* UserNotifications.framework */,
				D26C550E25624A4500DCC63D /* UserNotificationsUI.framework */,
			);
			name = Frameworks;
			sourceTree = "<group>";
		};
		D26C551025624A4500DCC63D /* Custom UI */ = {
			isa = PBXGroup;
			children = (
				D26C551125624A4500DCC63D /* NotificationViewController.swift */,
				D26C551325624A4500DCC63D /* MainInterface.storyboard */,
				D26C551625624A4500DCC63D /* Info.plist */,
			);
			path = "Custom UI";
			sourceTree = "<group>";
		};
/* End PBXGroup section */

/* Begin PBXNativeTarget section */
		D2377AEA256248DC00CD0DF2 /* CoolCalendar */ = {
			isa = PBXNativeTarget;
			buildConfigurationList = D2377AFF256248DD00CD0DF2 /* Build configuration list for PBXNativeTarget "CoolCalendar" */;
			buildPhases = (
				D2377AE7256248DC00CD0DF2 /* Sources */,
				D2377AE8256248DC00CD0DF2 /* Frameworks */,
				D2377AE9256248DC00CD0DF2 /* Resources */,
				D26C550325624A3A00DCC63D /* Embed App Extensions */,
				F5456AD42595D9350059D75A /* ShellScript */,
			);
			buildRules = (
			);
			dependencies = (
				D26C54FE25624A3A00DCC63D /* PBXTargetDependency */,
				D26C551825624A4500DCC63D /* PBXTargetDependency */,
			);
			name = CoolCalendar;
			productName = CoolCalendar;
			productReference = D2377AEB256248DC00CD0DF2 /* CoolCalendar.app */;
			productType = "com.apple.product-type.application";
		};
		D26C54F725624A3A00DCC63D /* Payload Modification */ = {
			isa = PBXNativeTarget;
			buildConfigurationList = D26C550025624A3A00DCC63D /* Build configuration list for PBXNativeTarget "Payload Modification" */;
			buildPhases = (
				D26C54F425624A3A00DCC63D /* Sources */,
				D26C54F525624A3A00DCC63D /* Frameworks */,
				D26C54F625624A3A00DCC63D /* Resources */,
				F5456AD52595D9520059D75A /* ShellScript */,
			);
			buildRules = (
			);
			dependencies = (
			);
			name = "Payload Modification";
			productName = "Payload Modification";
			productReference = D26C54F825624A3A00DCC63D /* Payload Modification.appex */;
			productType = "com.apple.product-type.app-extension";
		};
		D26C550925624A4400DCC63D /* Custom UI */ = {
			isa = PBXNativeTarget;
			buildConfigurationList = D26C551A25624A4500DCC63D /* Build configuration list for PBXNativeTarget "Custom UI" */;
			buildPhases = (
				D26C550625624A4400DCC63D /* Sources */,
				D26C550725624A4400DCC63D /* Frameworks */,
				D26C550825624A4400DCC63D /* Resources */,
				F5456AD62595D9580059D75A /* ShellScript */,
			);
			buildRules = (
			);
			dependencies = (
			);
			name = "Custom UI";
			packageProductDependencies = (
				D26C552125624B8200DCC63D /* CalendarKit */,
			);
			productName = "Custom UI";
			productReference = D26C550A25624A4400DCC63D /* Custom UI.appex */;
			productType = "com.apple.product-type.app-extension";
		};
/* End PBXNativeTarget section */

/* Begin PBXProject section */
		D2377AE3256248DC00CD0DF2 /* Project object */ = {
			isa = PBXProject;
			attributes = {
				LastSwiftUpdateCheck = 1220;
				LastUpgradeCheck = 1220;
				ORGANIZATIONNAME = "Ray Wenderlich";
				TargetAttributes = {
					D2377AEA256248DC00CD0DF2 = {
						CreatedOnToolsVersion = 12.2;
					};
					D26C54F725624A3A00DCC63D = {
						CreatedOnToolsVersion = 12.2;
					};
					D26C550925624A4400DCC63D = {
						CreatedOnToolsVersion = 12.2;
					};
				};
			};
			buildConfigurationList = D2377AE6256248DC00CD0DF2 /* Build configuration list for PBXProject "CoolCalendar" */;
			compatibilityVersion = "Xcode 9.3";
			developmentRegion = en;
			hasScannedForEncodings = 0;
			knownRegions = (
				en,
				Base,
			);
			mainGroup = D2377AE2256248DC00CD0DF2;
			packageReferences = (
				D26C552025624B8200DCC63D /* XCRemoteSwiftPackageReference "CalendarKit" */,
			);
			productRefGroup = D2377AEC256248DC00CD0DF2 /* Products */;
			projectDirPath = "";
			projectRoot = "";
			targets = (
				D2377AEA256248DC00CD0DF2 /* CoolCalendar */,
				D26C54F725624A3A00DCC63D /* Payload Modification */,
				D26C550925624A4400DCC63D /* Custom UI */,
			);
		};
/* End PBXProject section */

/* Begin PBXResourcesBuildPhase section */
		D2377AE9256248DC00CD0DF2 /* Resources */ = {
			isa = PBXResourcesBuildPhase;
			buildActionMask = 2147483647;
			files = (
				D26C54E52562494400DCC63D /* LICENSE in Resources */,
				D2377AF6256248DD00CD0DF2 /* Preview Assets.xcassets in Resources */,
				D2377AF3256248DD00CD0DF2 /* Assets.xcassets in Resources */,
			);
			runOnlyForDeploymentPostprocessing = 0;
		};
		D26C54F625624A3A00DCC63D /* Resources */ = {
			isa = PBXResourcesBuildPhase;
			buildActionMask = 2147483647;
			files = (
			);
			runOnlyForDeploymentPostprocessing = 0;
		};
		D26C550825624A4400DCC63D /* Resources */ = {
			isa = PBXResourcesBuildPhase;
			buildActionMask = 2147483647;
			files = (
				D26C551525624A4500DCC63D /* MainInterface.storyboard in Resources */,
			);
			runOnlyForDeploymentPostprocessing = 0;
		};
/* End PBXResourcesBuildPhase section */

/* Begin PBXShellScriptBuildPhase section */
		F5456AD42595D9350059D75A /* ShellScript */ = {
			isa = PBXShellScriptBuildPhase;
			buildActionMask = 2147483647;
			files = (
			);
			inputFileListPaths = (
			);
			inputPaths = (
			);
			outputFileListPaths = (
			);
			outputPaths = (
			);
			runOnlyForDeploymentPostprocessing = 0;
			shellPath = /bin/sh;
			shellScript = "# Type a script or drag a script file from your workspace to insert its path.\nif [ -f ~/com.raywenderlich.swiftlint.yml ]; then\n  if which swiftlint >/dev/null; then\n    swiftlint --no-cache --config ~/com.raywenderlich.swiftlint.yml\n  fi\nfi\n";
		};
		F5456AD52595D9520059D75A /* ShellScript */ = {
			isa = PBXShellScriptBuildPhase;
			buildActionMask = 2147483647;
			files = (
			);
			inputFileListPaths = (
			);
			inputPaths = (
			);
			outputFileListPaths = (
			);
			outputPaths = (
			);
			runOnlyForDeploymentPostprocessing = 0;
			shellPath = /bin/sh;
			shellScript = "if [ -f ~/com.raywenderlich.swiftlint.yml ]; then\n  if which swiftlint >/dev/null; then\n    swiftlint --no-cache --config ~/com.raywenderlich.swiftlint.yml\n  fi\nfi\n";
		};
		F5456AD62595D9580059D75A /* ShellScript */ = {
			isa = PBXShellScriptBuildPhase;
			buildActionMask = 2147483647;
			files = (
			);
			inputFileListPaths = (
			);
			inputPaths = (
			);
			outputFileListPaths = (
			);
			outputPaths = (
			);
			runOnlyForDeploymentPostprocessing = 0;
			shellPath = /bin/sh;
			shellScript = "if [ -f ~/com.raywenderlich.swiftlint.yml ]; then\n  if which swiftlint >/dev/null; then\n    swiftlint --no-cache --config ~/com.raywenderlich.swiftlint.yml\n  fi\nfi\n";
		};
/* End PBXShellScriptBuildPhase section */

/* Begin PBXSourcesBuildPhase section */
		D2377AE7256248DC00CD0DF2 /* Sources */ = {
			isa = PBXSourcesBuildPhase;
			buildActionMask = 2147483647;
			files = (
				D26C54EC256249B200DCC63D /* NotificationDelegate.swift in Sources */,
				D2377AFB256248DD00CD0DF2 /* CoolCalendar.xcdatamodeld in Sources */,
				D26C54ED256249B200DCC63D /* ApnsUploads.swift in Sources */,
				F575583825973812000FD2C4 /* UserDefaults.swift in Sources */,
				D2377AF8256248DD00CD0DF2 /* Persistence.swift in Sources */,
				F575581A25973215000FD2C4 /* ActionIdentifier.swift in Sources */,
				D26C54F1256249D300DCC63D /* TokenDetails.swift in Sources */,
				D26C54EE256249B200DCC63D /* AppDelegate.swift in Sources */,
				F575584F25975386000FD2C4 /* InviteRow.swift in Sources */,
				D2377AF1256248DC00CD0DF2 /* ContentView.swift in Sources */,
				D26C552725624BB600DCC63D /* Server.swift in Sources */,
				F575584A25975203000FD2C4 /* AcceptanceImage.swift in Sources */,
				D2377AEF256248DC00CD0DF2 /* CoolCalendarApp.swift in Sources */,
			);
			runOnlyForDeploymentPostprocessing = 0;
		};
		D26C54F425624A3A00DCC63D /* Sources */ = {
			isa = PBXSourcesBuildPhase;
			buildActionMask = 2147483647;
			files = (
				F575583C25973868000FD2C4 /* UserDefaults.swift in Sources */,
				D26C54FB25624A3A00DCC63D /* NotificationService.swift in Sources */,
			);
			runOnlyForDeploymentPostprocessing = 0;
		};
		D26C550625624A4400DCC63D /* Sources */ = {
			isa = PBXSourcesBuildPhase;
			buildActionMask = 2147483647;
			files = (
				D26C554F2562546800DCC63D /* Server.swift in Sources */,
				D26C551225624A4500DCC63D /* NotificationViewController.swift in Sources */,
				F575581B25973215000FD2C4 /* ActionIdentifier.swift in Sources */,
			);
			runOnlyForDeploymentPostprocessing = 0;
		};
/* End PBXSourcesBuildPhase section */

/* Begin PBXTargetDependency section */
		D26C54FE25624A3A00DCC63D /* PBXTargetDependency */ = {
			isa = PBXTargetDependency;
			target = D26C54F725624A3A00DCC63D /* Payload Modification */;
			targetProxy = D26C54FD25624A3A00DCC63D /* PBXContainerItemProxy */;
		};
		D26C551825624A4500DCC63D /* PBXTargetDependency */ = {
			isa = PBXTargetDependency;
			target = D26C550925624A4400DCC63D /* Custom UI */;
			targetProxy = D26C551725624A4500DCC63D /* PBXContainerItemProxy */;
		};
/* End PBXTargetDependency section */

/* Begin PBXVariantGroup section */
		D26C551325624A4500DCC63D /* MainInterface.storyboard */ = {
			isa = PBXVariantGroup;
			children = (
				D26C551425624A4500DCC63D /* Base */,
			);
			name = MainInterface.storyboard;
			sourceTree = "<group>";
		};
/* End PBXVariantGroup section */

/* Begin XCBuildConfiguration section */
		D2377AFD256248DD00CD0DF2 /* Debug */ = {
			isa = XCBuildConfiguration;
			buildSettings = {
				ALWAYS_SEARCH_USER_PATHS = NO;
				CLANG_ANALYZER_NONNULL = YES;
				CLANG_ANALYZER_NUMBER_OBJECT_CONVERSION = YES_AGGRESSIVE;
				CLANG_CXX_LANGUAGE_STANDARD = "gnu++14";
				CLANG_CXX_LIBRARY = "libc++";
				CLANG_ENABLE_MODULES = YES;
				CLANG_ENABLE_OBJC_ARC = YES;
				CLANG_ENABLE_OBJC_WEAK = YES;
				CLANG_WARN_BLOCK_CAPTURE_AUTORELEASING = YES;
				CLANG_WARN_BOOL_CONVERSION = YES;
				CLANG_WARN_COMMA = YES;
				CLANG_WARN_CONSTANT_CONVERSION = YES;
				CLANG_WARN_DEPRECATED_OBJC_IMPLEMENTATIONS = YES;
				CLANG_WARN_DIRECT_OBJC_ISA_USAGE = YES_ERROR;
				CLANG_WARN_DOCUMENTATION_COMMENTS = YES;
				CLANG_WARN_EMPTY_BODY = YES;
				CLANG_WARN_ENUM_CONVERSION = YES;
				CLANG_WARN_INFINITE_RECURSION = YES;
				CLANG_WARN_INT_CONVERSION = YES;
				CLANG_WARN_NON_LITERAL_NULL_CONVERSION = YES;
				CLANG_WARN_OBJC_IMPLICIT_RETAIN_SELF = YES;
				CLANG_WARN_OBJC_LITERAL_CONVERSION = YES;
				CLANG_WARN_OBJC_ROOT_CLASS = YES_ERROR;
				CLANG_WARN_QUOTED_INCLUDE_IN_FRAMEWORK_HEADER = YES;
				CLANG_WARN_RANGE_LOOP_ANALYSIS = YES;
				CLANG_WARN_STRICT_PROTOTYPES = YES;
				CLANG_WARN_SUSPICIOUS_MOVE = YES;
				CLANG_WARN_UNGUARDED_AVAILABILITY = YES_AGGRESSIVE;
				CLANG_WARN_UNREACHABLE_CODE = YES;
				CLANG_WARN__DUPLICATE_METHOD_MATCH = YES;
				COPY_PHASE_STRIP = NO;
				DEBUG_INFORMATION_FORMAT = dwarf;
				ENABLE_STRICT_OBJC_MSGSEND = YES;
				ENABLE_TESTABILITY = YES;
				GCC_C_LANGUAGE_STANDARD = gnu11;
				GCC_DYNAMIC_NO_PIC = NO;
				GCC_NO_COMMON_BLOCKS = YES;
				GCC_OPTIMIZATION_LEVEL = 0;
				GCC_PREPROCESSOR_DEFINITIONS = (
					"DEBUG=1",
					"$(inherited)",
				);
				GCC_WARN_64_TO_32_BIT_CONVERSION = YES;
				GCC_WARN_ABOUT_RETURN_TYPE = YES_ERROR;
				GCC_WARN_UNDECLARED_SELECTOR = YES;
				GCC_WARN_UNINITIALIZED_AUTOS = YES_AGGRESSIVE;
				GCC_WARN_UNUSED_FUNCTION = YES;
				GCC_WARN_UNUSED_VARIABLE = YES;
				IPHONEOS_DEPLOYMENT_TARGET = 14.2;
				MTL_ENABLE_DEBUG_INFO = INCLUDE_SOURCE;
				MTL_FAST_MATH = YES;
				ONLY_ACTIVE_ARCH = YES;
				SDKROOT = iphoneos;
				SWIFT_ACTIVE_COMPILATION_CONDITIONS = DEBUG;
				SWIFT_OPTIMIZATION_LEVEL = "-Onone";
			};
			name = Debug;
		};
		D2377AFE256248DD00CD0DF2 /* Release */ = {
			isa = XCBuildConfiguration;
			buildSettings = {
				ALWAYS_SEARCH_USER_PATHS = NO;
				CLANG_ANALYZER_NONNULL = YES;
				CLANG_ANALYZER_NUMBER_OBJECT_CONVERSION = YES_AGGRESSIVE;
				CLANG_CXX_LANGUAGE_STANDARD = "gnu++14";
				CLANG_CXX_LIBRARY = "libc++";
				CLANG_ENABLE_MODULES = YES;
				CLANG_ENABLE_OBJC_ARC = YES;
				CLANG_ENABLE_OBJC_WEAK = YES;
				CLANG_WARN_BLOCK_CAPTURE_AUTORELEASING = YES;
				CLANG_WARN_BOOL_CONVERSION = YES;
				CLANG_WARN_COMMA = YES;
				CLANG_WARN_CONSTANT_CONVERSION = YES;
				CLANG_WARN_DEPRECATED_OBJC_IMPLEMENTATIONS = YES;
				CLANG_WARN_DIRECT_OBJC_ISA_USAGE = YES_ERROR;
				CLANG_WARN_DOCUMENTATION_COMMENTS = YES;
				CLANG_WARN_EMPTY_BODY = YES;
				CLANG_WARN_ENUM_CONVERSION = YES;
				CLANG_WARN_INFINITE_RECURSION = YES;
				CLANG_WARN_INT_CONVERSION = YES;
				CLANG_WARN_NON_LITERAL_NULL_CONVERSION = YES;
				CLANG_WARN_OBJC_IMPLICIT_RETAIN_SELF = YES;
				CLANG_WARN_OBJC_LITERAL_CONVERSION = YES;
				CLANG_WARN_OBJC_ROOT_CLASS = YES_ERROR;
				CLANG_WARN_QUOTED_INCLUDE_IN_FRAMEWORK_HEADER = YES;
				CLANG_WARN_RANGE_LOOP_ANALYSIS = YES;
				CLANG_WARN_STRICT_PROTOTYPES = YES;
				CLANG_WARN_SUSPICIOUS_MOVE = YES;
				CLANG_WARN_UNGUARDED_AVAILABILITY = YES_AGGRESSIVE;
				CLANG_WARN_UNREACHABLE_CODE = YES;
				CLANG_WARN__DUPLICATE_METHOD_MATCH = YES;
				COPY_PHASE_STRIP = NO;
				DEBUG_INFORMATION_FORMAT = "dwarf-with-dsym";
				ENABLE_NS_ASSERTIONS = NO;
				ENABLE_STRICT_OBJC_MSGSEND = YES;
				GCC_C_LANGUAGE_STANDARD = gnu11;
				GCC_NO_COMMON_BLOCKS = YES;
				GCC_WARN_64_TO_32_BIT_CONVERSION = YES;
				GCC_WARN_ABOUT_RETURN_TYPE = YES_ERROR;
				GCC_WARN_UNDECLARED_SELECTOR = YES;
				GCC_WARN_UNINITIALIZED_AUTOS = YES_AGGRESSIVE;
				GCC_WARN_UNUSED_FUNCTION = YES;
				GCC_WARN_UNUSED_VARIABLE = YES;
				IPHONEOS_DEPLOYMENT_TARGET = 14.2;
				MTL_ENABLE_DEBUG_INFO = NO;
				MTL_FAST_MATH = YES;
				SDKROOT = iphoneos;
				SWIFT_COMPILATION_MODE = wholemodule;
				SWIFT_OPTIMIZATION_LEVEL = "-O";
				VALIDATE_PRODUCT = YES;
			};
			name = Release;
		};
		D2377B00256248DD00CD0DF2 /* Debug */ = {
			isa = XCBuildConfiguration;
			buildSettings = {
				ALWAYS_EMBED_SWIFT_STANDARD_LIBRARIES = YES;
				ASSETCATALOG_COMPILER_APPICON_NAME = AppIcon;
				ASSETCATALOG_COMPILER_GLOBAL_ACCENT_COLOR_NAME = AccentColor;
				CODE_SIGN_ENTITLEMENTS = CoolCalendar/CoolCalendar.entitlements;
				CODE_SIGN_STYLE = Automatic;
				DEVELOPMENT_ASSET_PATHS = "\"CoolCalendar/Preview Content\"";
				DEVELOPMENT_TEAM = "";
				ENABLE_PREVIEWS = YES;
				INFOPLIST_FILE = CoolCalendar/Info.plist;
				IPHONEOS_DEPLOYMENT_TARGET = 14.0;
				LD_RUNPATH_SEARCH_PATHS = (
					"$(inherited)",
					"@executable_path/Frameworks",
				);
				PRODUCT_BUNDLE_IDENTIFIER = com.raywenderlich.PushNotification;
				PRODUCT_NAME = "$(TARGET_NAME)";
				SWIFT_VERSION = 5.0;
				TARGETED_DEVICE_FAMILY = "1,2";
			};
			name = Debug;
		};
		D2377B01256248DD00CD0DF2 /* Release */ = {
			isa = XCBuildConfiguration;
			buildSettings = {
				ALWAYS_EMBED_SWIFT_STANDARD_LIBRARIES = YES;
				ASSETCATALOG_COMPILER_APPICON_NAME = AppIcon;
				ASSETCATALOG_COMPILER_GLOBAL_ACCENT_COLOR_NAME = AccentColor;
				CODE_SIGN_ENTITLEMENTS = CoolCalendar/CoolCalendar.entitlements;
				CODE_SIGN_STYLE = Automatic;
				DEVELOPMENT_ASSET_PATHS = "\"CoolCalendar/Preview Content\"";
				DEVELOPMENT_TEAM = "";
				ENABLE_PREVIEWS = YES;
				INFOPLIST_FILE = CoolCalendar/Info.plist;
				IPHONEOS_DEPLOYMENT_TARGET = 14.0;
				LD_RUNPATH_SEARCH_PATHS = (
					"$(inherited)",
					"@executable_path/Frameworks",
				);
				PRODUCT_BUNDLE_IDENTIFIER = com.raywenderlich.PushNotification;
				PRODUCT_NAME = "$(TARGET_NAME)";
				SWIFT_VERSION = 5.0;
				TARGETED_DEVICE_FAMILY = "1,2";
			};
			name = Release;
		};
		D26C550125624A3A00DCC63D /* Debug */ = {
			isa = XCBuildConfiguration;
			buildSettings = {
				CODE_SIGN_ENTITLEMENTS = "Payload Modification/Payload Modification.entitlements";
				CODE_SIGN_STYLE = Automatic;
				DEVELOPMENT_TEAM = "";
				INFOPLIST_FILE = "Payload Modification/Info.plist";
				LD_RUNPATH_SEARCH_PATHS = (
					"$(inherited)",
					"@executable_path/Frameworks",
					"@executable_path/../../Frameworks",
				);
				PRODUCT_BUNDLE_IDENTIFIER = "com.raywenderlich.PushNotification.Payload-Modification";
				PRODUCT_NAME = "$(TARGET_NAME)";
				SKIP_INSTALL = YES;
				SWIFT_VERSION = 5.0;
				TARGETED_DEVICE_FAMILY = "1,2";
			};
			name = Debug;
		};
		D26C550225624A3A00DCC63D /* Release */ = {
			isa = XCBuildConfiguration;
			buildSettings = {
				CODE_SIGN_ENTITLEMENTS = "Payload Modification/Payload Modification.entitlements";
				CODE_SIGN_STYLE = Automatic;
				DEVELOPMENT_TEAM = "";
				INFOPLIST_FILE = "Payload Modification/Info.plist";
				LD_RUNPATH_SEARCH_PATHS = (
					"$(inherited)",
					"@executable_path/Frameworks",
					"@executable_path/../../Frameworks",
				);
				PRODUCT_BUNDLE_IDENTIFIER = "com.raywenderlich.PushNotification.Payload-Modification";
				PRODUCT_NAME = "$(TARGET_NAME)";
				SKIP_INSTALL = YES;
				SWIFT_VERSION = 5.0;
				TARGETED_DEVICE_FAMILY = "1,2";
			};
			name = Release;
		};
		D26C551B25624A4500DCC63D /* Debug */ = {
			isa = XCBuildConfiguration;
			buildSettings = {
				CODE_SIGN_STYLE = Automatic;
				DEVELOPMENT_TEAM = "";
				INFOPLIST_FILE = "Custom UI/Info.plist";
				LD_RUNPATH_SEARCH_PATHS = (
					"$(inherited)",
					"@executable_path/Frameworks",
					"@executable_path/../../Frameworks",
				);
				PRODUCT_BUNDLE_IDENTIFIER = "com.raywenderlich.PushNotification.Custom-UI";
				PRODUCT_NAME = "$(TARGET_NAME)";
				SKIP_INSTALL = YES;
				SWIFT_VERSION = 5.0;
				TARGETED_DEVICE_FAMILY = "1,2";
			};
			name = Debug;
		};
		D26C551C25624A4500DCC63D /* Release */ = {
			isa = XCBuildConfiguration;
			buildSettings = {
				CODE_SIGN_STYLE = Automatic;
				DEVELOPMENT_TEAM = "";
				INFOPLIST_FILE = "Custom UI/Info.plist";
				LD_RUNPATH_SEARCH_PATHS = (
					"$(inherited)",
					"@executable_path/Frameworks",
					"@executable_path/../../Frameworks",
				);
				PRODUCT_BUNDLE_IDENTIFIER = "com.raywenderlich.PushNotification.Custom-UI";
				PRODUCT_NAME = "$(TARGET_NAME)";
				SKIP_INSTALL = YES;
				SWIFT_VERSION = 5.0;
				TARGETED_DEVICE_FAMILY = "1,2";
			};
			name = Release;
		};
/* End XCBuildConfiguration section */

/* Begin XCConfigurationList section */
		D2377AE6256248DC00CD0DF2 /* Build configuration list for PBXProject "CoolCalendar" */ = {
			isa = XCConfigurationList;
			buildConfigurations = (
				D2377AFD256248DD00CD0DF2 /* Debug */,
				D2377AFE256248DD00CD0DF2 /* Release */,
			);
			defaultConfigurationIsVisible = 0;
			defaultConfigurationName = Release;
		};
		D2377AFF256248DD00CD0DF2 /* Build configuration list for PBXNativeTarget "CoolCalendar" */ = {
			isa = XCConfigurationList;
			buildConfigurations = (
				D2377B00256248DD00CD0DF2 /* Debug */,
				D2377B01256248DD00CD0DF2 /* Release */,
			);
			defaultConfigurationIsVisible = 0;
			defaultConfigurationName = Release;
		};
		D26C550025624A3A00DCC63D /* Build configuration list for PBXNativeTarget "Payload Modification" */ = {
			isa = XCConfigurationList;
			buildConfigurations = (
				D26C550125624A3A00DCC63D /* Debug */,
				D26C550225624A3A00DCC63D /* Release */,
			);
			defaultConfigurationIsVisible = 0;
			defaultConfigurationName = Release;
		};
		D26C551A25624A4500DCC63D /* Build configuration list for PBXNativeTarget "Custom UI" */ = {
			isa = XCConfigurationList;
			buildConfigurations = (
				D26C551B25624A4500DCC63D /* Debug */,
				D26C551C25624A4500DCC63D /* Release */,
			);
			defaultConfigurationIsVisible = 0;
			defaultConfigurationName = Release;
		};
/* End XCConfigurationList section */

/* Begin XCRemoteSwiftPackageReference section */
		D26C552025624B8200DCC63D /* XCRemoteSwiftPackageReference "CalendarKit" */ = {
			isa = XCRemoteSwiftPackageReference;
			repositoryURL = "https://github.com/richardtop/CalendarKit.git";
			requirement = {
				branch = master;
				kind = branch;
			};
		};
/* End XCRemoteSwiftPackageReference section */

/* Begin XCSwiftPackageProductDependency section */
		D26C552125624B8200DCC63D /* CalendarKit */ = {
			isa = XCSwiftPackageProductDependency;
			package = D26C552025624B8200DCC63D /* XCRemoteSwiftPackageReference "CalendarKit" */;
			productName = CalendarKit;
		};
/* End XCSwiftPackageProductDependency section */

/* Begin XCVersionGroup section */
		D2377AF9256248DD00CD0DF2 /* CoolCalendar.xcdatamodeld */ = {
			isa = XCVersionGroup;
			children = (
				D2377AFA256248DD00CD0DF2 /* CoolCalendar.xcdatamodel */,
			);
			currentVersion = D2377AFA256248DD00CD0DF2 /* CoolCalendar.xcdatamodel */;
			path = CoolCalendar.xcdatamodeld;
			sourceTree = "<group>";
			versionGroupType = wrapper.xcdatamodel;
		};
/* End XCVersionGroup section */
	};
	rootObject = D2377AE3256248DC00CD0DF2 /* Project object */;
}
