{
  "pins" : [
    {
      "identity" : "calendarkit",
      "kind" : "remoteSourceControl",
      "location" : "https://github.com/richardtop/CalendarKit.git",
      "state" : {
        "branch" : "master",
        "revision" : "3125c7ad3f3cff9855e6896e4c4aed60d2cd1ce3"
      }
    }
  ],
  "version" : 2
}
